
Microsoft Visual Studio Solution File, Format Version 12.00
# Visual Studio Version 16
VisualStudioVersion = 16.0.30114.105
MinimumVisualStudioVersion = 10.0.40219.1
Project("{FAE04EC0-301F-11D3-BF4B-00C04F79EFBC}") = "Benjamin.Pizza.DocTest", "Benjamin.Pizza.DocTest\Benjamin.Pizza.DocTest.csproj", "{EEE6C082-FC93-4A61-A212-4FBAB0D6500B}"
EndProject
Project("{FAE04EC0-301F-11D3-BF4B-00C04F79EFBC}") = "Benjamin.Pizza.DocTest.Tests", "Benjamin.Pizza.DocTest.Tests\Benjamin.Pizza.DocTest.Tests.csproj", "{1C06AA63-F035-4A8B-BE15-19383F4F5133}"
EndProject
Global
	GlobalSection(SolutionConfigurationPlatforms) = preSolution
		Debug|Any CPU = Debug|Any CPU
		Release|Any CPU = Release|Any CPU
	EndGlobalSection
	GlobalSection(SolutionProperties) = preSolution
		HideSolutionNode = FALSE
	EndGlobalSection
	GlobalSection(ProjectConfigurationPlatforms) = postSolution
		{EEE6C082-FC93-4A61-A212-4FBAB0D6500B}.Debug|Any CPU.ActiveCfg = Debug|Any CPU
		{EEE6C082-FC93-4A61-A212-4FBAB0D6500B}.Debug|Any CPU.Build.0 = Debug|Any CPU
		{EEE6C082-FC93-4A61-A212-4FBAB0D6500B}.Release|Any CPU.ActiveCfg = Release|Any CPU
		{EEE6C082-FC93-4A61-A212-4FBAB0D6500B}.Release|Any CPU.Build.0 = Release|Any CPU
		{1C06AA63-F035-4A8B-BE15-19383F4F5133}.Debug|Any CPU.ActiveCfg = Debug|Any CPU
		{1C06AA63-F035-4A8B-BE15-19383F4F5133}.Debug|Any CPU.Build.0 = Debug|Any CPU
		{1C06AA63-F035-4A8B-BE15-19383F4F5133}.Release|Any CPU.ActiveCfg = Release|Any CPU
		{1C06AA63-F035-4A8B-BE15-19383F4F5133}.Release|Any CPU.Build.0 = Release|Any CPU
	EndGlobalSection
EndGlobal
